
Microsoft Visual Studio Solution File, Format Version 12.00
Project("{FAE04EC0-301F-11D3-BF4B-00C04F79EFBC}") = "EntityComponentSystem", "EntityComponentSystem\EntityComponentSystem.csproj", "{BAC7EDA4-851C-4581-A61E-2CAB491DECB2}"
EndProject
Project("{FAE04EC0-301F-11D3-BF4B-00C04F79EFBC}") = "EntityComponentSystem.Tests", "EntityComponentSystem.Tests\EntityComponentSystem.Tests.csproj", "{4F5B4DC7-3855-4FE7-95E1-229F4B572369}"
EndProject
Project("{FAE04EC0-301F-11D3-BF4B-00C04F79EFBC}") = "EntityComponentSystem.Generators", "EntityComponentSystem.Generators\EntityComponentSystem.Generators.csproj", "{DEA86B34-0922-457D-877E-8942CB591BB8}"
EndProject
Project("{FAE04EC0-301F-11D3-BF4B-00C04F79EFBC}") = "EntityComponentSystem.Benchmarks", "EntityComponentSystem.Benchmarks\EntityComponentSystem.Benchmarks.csproj", "{019EF9F6-9416-4771-B516-B594425E2B8A}"
EndProject
Project("{F2A71F9B-5D33-465A-A702-920D77279786}") = "EntityComponentSystem.FSharp", "EntityComponentSystem.FSharp\EntityComponentSystem.FSharp.fsproj", "{93882A56-A2F7-463F-A365-35251F86DF16}"
EndProject
Global
	GlobalSection(SolutionConfigurationPlatforms) = preSolution
		Debug|Any CPU = Debug|Any CPU
		Release|Any CPU = Release|Any CPU
	EndGlobalSection
	GlobalSection(ProjectConfigurationPlatforms) = postSolution
		{BAC7EDA4-851C-4581-A61E-2CAB491DECB2}.Debug|Any CPU.ActiveCfg = Debug|Any CPU
		{BAC7EDA4-851C-4581-A61E-2CAB491DECB2}.Debug|Any CPU.Build.0 = Debug|Any CPU
		{BAC7EDA4-851C-4581-A61E-2CAB491DECB2}.Release|Any CPU.ActiveCfg = Release|Any CPU
		{BAC7EDA4-851C-4581-A61E-2CAB491DECB2}.Release|Any CPU.Build.0 = Release|Any CPU
		{4F5B4DC7-3855-4FE7-95E1-229F4B572369}.Debug|Any CPU.ActiveCfg = Debug|Any CPU
		{4F5B4DC7-3855-4FE7-95E1-229F4B572369}.Debug|Any CPU.Build.0 = Debug|Any CPU
		{4F5B4DC7-3855-4FE7-95E1-229F4B572369}.Release|Any CPU.ActiveCfg = Release|Any CPU
		{4F5B4DC7-3855-4FE7-95E1-229F4B572369}.Release|Any CPU.Build.0 = Release|Any CPU
		{DEA86B34-0922-457D-877E-8942CB591BB8}.Debug|Any CPU.ActiveCfg = Debug|Any CPU
		{DEA86B34-0922-457D-877E-8942CB591BB8}.Debug|Any CPU.Build.0 = Debug|Any CPU
		{DEA86B34-0922-457D-877E-8942CB591BB8}.Release|Any CPU.ActiveCfg = Release|Any CPU
		{DEA86B34-0922-457D-877E-8942CB591BB8}.Release|Any CPU.Build.0 = Release|Any CPU
		{019EF9F6-9416-4771-B516-B594425E2B8A}.Debug|Any CPU.ActiveCfg = Debug|Any CPU
		{019EF9F6-9416-4771-B516-B594425E2B8A}.Debug|Any CPU.Build.0 = Debug|Any CPU
		{019EF9F6-9416-4771-B516-B594425E2B8A}.Release|Any CPU.ActiveCfg = Release|Any CPU
		{019EF9F6-9416-4771-B516-B594425E2B8A}.Release|Any CPU.Build.0 = Release|Any CPU
		{93882A56-A2F7-463F-A365-35251F86DF16}.Debug|Any CPU.ActiveCfg = Debug|Any CPU
		{93882A56-A2F7-463F-A365-35251F86DF16}.Debug|Any CPU.Build.0 = Debug|Any CPU
		{93882A56-A2F7-463F-A365-35251F86DF16}.Release|Any CPU.ActiveCfg = Release|Any CPU
		{93882A56-A2F7-463F-A365-35251F86DF16}.Release|Any CPU.Build.0 = Release|Any CPU
	EndGlobalSection
EndGlobal
