
Microsoft Visual Studio Solution File, Format Version 12.00
Project("{FAE04EC0-301F-11D3-BF4B-00C04F79EFBC}") = "EntityComponentSystem", "EntityComponentSystem\EntityComponentSystem.csproj", "{BAC7EDA4-851C-4581-A61E-2CAB491DECB2}"
EndProject
Project("{FAE04EC0-301F-11D3-BF4B-00C04F79EFBC}") = "EntityComponentSystem.Tests", "EntityComponentSystem.Tests\EntityComponentSystem.Tests.csproj", "{4F5B4DC7-3855-4FE7-95E1-229F4B572369}"
EndProject
Project("{FAE04EC0-301F-11D3-BF4B-00C04F79EFBC}") = "EntityComponentSystem.Generators", "EntityComponentSystem.Generators\EntityComponentSystem.Generators.csproj", "{DEA86B34-0922-457D-877E-8942CB591BB8}"
EndProject
Global
	GlobalSection(SolutionConfigurationPlatforms) = preSolution
		Debug|Any CPU = Debug|Any CPU
		Release|Any CPU = Release|Any CPU
	EndGlobalSection
	GlobalSection(ProjectConfigurationPlatforms) = postSolution
		{BAC7EDA4-851C-4581-A61E-2CAB491DECB2}.Debug|Any CPU.ActiveCfg = Debug|Any CPU
		{BAC7EDA4-851C-4581-A61E-2CAB491DECB2}.Debug|Any CPU.Build.0 = Debug|Any CPU
		{BAC7EDA4-851C-4581-A61E-2CAB491DECB2}.Release|Any CPU.ActiveCfg = Release|Any CPU
		{BAC7EDA4-851C-4581-A61E-2CAB491DECB2}.Release|Any CPU.Build.0 = Release|Any CPU
		{4F5B4DC7-3855-4FE7-95E1-229F4B572369}.Debug|Any CPU.ActiveCfg = Debug|Any CPU
		{4F5B4DC7-3855-4FE7-95E1-229F4B572369}.Debug|Any CPU.Build.0 = Debug|Any CPU
		{4F5B4DC7-3855-4FE7-95E1-229F4B572369}.Release|Any CPU.ActiveCfg = Release|Any CPU
		{4F5B4DC7-3855-4FE7-95E1-229F4B572369}.Release|Any CPU.Build.0 = Release|Any CPU
		{DEA86B34-0922-457D-877E-8942CB591BB8}.Debug|Any CPU.ActiveCfg = Debug|Any CPU
		{DEA86B34-0922-457D-877E-8942CB591BB8}.Debug|Any CPU.Build.0 = Debug|Any CPU
		{DEA86B34-0922-457D-877E-8942CB591BB8}.Release|Any CPU.ActiveCfg = Release|Any CPU
		{DEA86B34-0922-457D-877E-8942CB591BB8}.Release|Any CPU.Build.0 = Release|Any CPU
	EndGlobalSection
EndGlobal
